
Microsoft Visual Studio Solution File, Format Version 12.00
# Visual Studio Version 17
VisualStudioVersion = 17.11.35312.102
MinimumVisualStudioVersion = 10.0.40219.1
Project("{8BC9CEB8-8B4A-11D0-8D11-00A0C91BC942}") = "Qual o maior dos 3", "Qual o maior dos 3.vcxproj", "{D99CBA9A-014D-49F5-90D9-A3BF15294DF4}"
EndProject
Global
	GlobalSection(SolutionConfigurationPlatforms) = preSolution
		Debug|x64 = Debug|x64
		Debug|x86 = Debug|x86
		Release|x64 = Release|x64
		Release|x86 = Release|x86
	EndGlobalSection
	GlobalSection(ProjectConfigurationPlatforms) = postSolution
		{D99CBA9A-014D-49F5-90D9-A3BF15294DF4}.Debug|x64.ActiveCfg = Debug|x64
		{D99CBA9A-014D-49F5-90D9-A3BF15294DF4}.Debug|x64.Build.0 = Debug|x64
		{D99CBA9A-014D-49F5-90D9-A3BF15294DF4}.Debug|x86.ActiveCfg = Debug|Win32
		{D99CBA9A-014D-49F5-90D9-A3BF15294DF4}.Debug|x86.Build.0 = Debug|Win32
		{D99CBA9A-014D-49F5-90D9-A3BF15294DF4}.Release|x64.ActiveCfg = Release|x64
		{D99CBA9A-014D-49F5-90D9-A3BF15294DF4}.Release|x64.Build.0 = Release|x64
		{D99CBA9A-014D-49F5-90D9-A3BF15294DF4}.Release|x86.ActiveCfg = Release|Win32
		{D99CBA9A-014D-49F5-90D9-A3BF15294DF4}.Release|x86.Build.0 = Release|Win32
	EndGlobalSection
	GlobalSection(SolutionProperties) = preSolution
		HideSolutionNode = FALSE
	EndGlobalSection
	GlobalSection(ExtensibilityGlobals) = postSolution
		SolutionGuid = {AEAA0A97-24D6-406E-BD2E-97CAD7C62B1A}
	EndGlobalSection
EndGlobal
